
Microsoft Visual Studio Solution File, Format Version 12.00
# Visual Studio Version 17
VisualStudioVersion = 17.5.2.0
MinimumVisualStudioVersion = 10.0.40219.1
Project("{9A19103F-16F7-4668-BE54-9A1E7A4F7556}") = "MovieApp.API", "MovieApp.API\MovieApp.API.csproj", "{33166DC4-6933-4D3B-9A49-C418B12AB9A2}"
EndProject
Project("{FAE04EC0-301F-11D3-BF4B-00C04F79EFBC}") = "MovieApp.ConsoleApp", "MovieApp.ConsoleApp\MovieApp.ConsoleApp.csproj", "{C2DC1EFD-9DDB-4CA8-A788-CA57133460FB}"
EndProject
Global
	GlobalSection(SolutionConfigurationPlatforms) = preSolution
		Debug|Any CPU = Debug|Any CPU
		Debug|x64 = Debug|x64
		Debug|x86 = Debug|x86
		Release|Any CPU = Release|Any CPU
		Release|x64 = Release|x64
		Release|x86 = Release|x86
	EndGlobalSection
	GlobalSection(ProjectConfigurationPlatforms) = postSolution
		{33166DC4-6933-4D3B-9A49-C418B12AB9A2}.Debug|Any CPU.ActiveCfg = Debug|Any CPU
		{33166DC4-6933-4D3B-9A49-C418B12AB9A2}.Debug|Any CPU.Build.0 = Debug|Any CPU
		{33166DC4-6933-4D3B-9A49-C418B12AB9A2}.Debug|x64.ActiveCfg = Debug|Any CPU
		{33166DC4-6933-4D3B-9A49-C418B12AB9A2}.Debug|x64.Build.0 = Debug|Any CPU
		{33166DC4-6933-4D3B-9A49-C418B12AB9A2}.Debug|x86.ActiveCfg = Debug|Any CPU
		{33166DC4-6933-4D3B-9A49-C418B12AB9A2}.Debug|x86.Build.0 = Debug|Any CPU
		{33166DC4-6933-4D3B-9A49-C418B12AB9A2}.Release|Any CPU.ActiveCfg = Release|Any CPU
		{33166DC4-6933-4D3B-9A49-C418B12AB9A2}.Release|Any CPU.Build.0 = Release|Any CPU
		{33166DC4-6933-4D3B-9A49-C418B12AB9A2}.Release|x64.ActiveCfg = Release|Any CPU
		{33166DC4-6933-4D3B-9A49-C418B12AB9A2}.Release|x64.Build.0 = Release|Any CPU
		{33166DC4-6933-4D3B-9A49-C418B12AB9A2}.Release|x86.ActiveCfg = Release|Any CPU
		{33166DC4-6933-4D3B-9A49-C418B12AB9A2}.Release|x86.Build.0 = Release|Any CPU
		{C2DC1EFD-9DDB-4CA8-A788-CA57133460FB}.Debug|Any CPU.ActiveCfg = Debug|Any CPU
		{C2DC1EFD-9DDB-4CA8-A788-CA57133460FB}.Debug|Any CPU.Build.0 = Debug|Any CPU
		{C2DC1EFD-9DDB-4CA8-A788-CA57133460FB}.Debug|x64.ActiveCfg = Debug|Any CPU
		{C2DC1EFD-9DDB-4CA8-A788-CA57133460FB}.Debug|x64.Build.0 = Debug|Any CPU
		{C2DC1EFD-9DDB-4CA8-A788-CA57133460FB}.Debug|x86.ActiveCfg = Debug|Any CPU
		{C2DC1EFD-9DDB-4CA8-A788-CA57133460FB}.Debug|x86.Build.0 = Debug|Any CPU
		{C2DC1EFD-9DDB-4CA8-A788-CA57133460FB}.Release|Any CPU.ActiveCfg = Release|Any CPU
		{C2DC1EFD-9DDB-4CA8-A788-CA57133460FB}.Release|Any CPU.Build.0 = Release|Any CPU
		{C2DC1EFD-9DDB-4CA8-A788-CA57133460FB}.Release|x64.ActiveCfg = Release|Any CPU
		{C2DC1EFD-9DDB-4CA8-A788-CA57133460FB}.Release|x64.Build.0 = Release|Any CPU
		{C2DC1EFD-9DDB-4CA8-A788-CA57133460FB}.Release|x86.ActiveCfg = Release|Any CPU
		{C2DC1EFD-9DDB-4CA8-A788-CA57133460FB}.Release|x86.Build.0 = Release|Any CPU
	EndGlobalSection
	GlobalSection(SolutionProperties) = preSolution
		HideSolutionNode = FALSE
	EndGlobalSection
	GlobalSection(ExtensibilityGlobals) = postSolution
		SolutionGuid = {4564FAC6-56BB-4516-AFAD-071FD607EEBC}
	EndGlobalSection
EndGlobal
